{
    "_meta": {
        "hash": {
            "sha256": "d9e69807d7045d52a4774193946d2d0749b361fae33f11f2c532ce88ddc59f8a"
        },
        "pipfile-spec": 6,
        "requires": {
            "python_version": "3.9"
        },
        "sources": [
            {
                "name": "pypi",
                "url": "https://pypi.org/simple",
                "verify_ssl": true
            }
        ]
    },
    "default": {
        "environs": {
            "extras": [
                "django"
            ],
            "version": "==8.0.0"
        }
    },
    "develop": {}
}
